{
  "name": "sparrow0hawk.github.io",
  "version": "1.0.0",
  "lockfileVersion": 3,
  "requires": true,
  "packages": {
    "": {
      "name": "sparrow0hawk.github.io",
      "version": "1.0.0",
      "license": "MIT",
      "dependencies": {
        "simpledotcss": "^2.3.0"
      }
    },
    "node_modules/simpledotcss": {
      "version": "2.3.0",
      "resolved": "https://registry.npmjs.org/simpledotcss/-/simpledotcss-2.3.0.tgz",
      "integrity": "sha512-USN5dQZ86GuGsJ3ncMpWT+vmXBa1dFTqr36krimod7URcRwXHr1mlBIW3P8TWFFeCu62fjOL5xo0KsGynrquMQ=="
    }
  }
}
